
Microsoft Visual Studio Solution File, Format Version 12.00
# Visual Studio 15
VisualStudioVersion = 15.0.26124.0
MinimumVisualStudioVersion = 15.0.26124.0
Project("{FAE04EC0-301F-11D3-BF4B-00C04F79EFBC}") = "FdApi", "FdApi\FdApi.csproj", "{BF8A02D8-AEB5-4748-A1FC-3B6E721CBC65}"
EndProject
Project("{FAE04EC0-301F-11D3-BF4B-00C04F79EFBC}") = "DataAccess", "DataAccess\DataAccess.csproj", "{D71A6E7D-9037-4C06-8DCB-A0871EEA5C3C}"
EndProject
Global
	GlobalSection(SolutionConfigurationPlatforms) = preSolution
		Debug|Any CPU = Debug|Any CPU
		Debug|x64 = Debug|x64
		Debug|x86 = Debug|x86
		Release|Any CPU = Release|Any CPU
		Release|x64 = Release|x64
		Release|x86 = Release|x86
	EndGlobalSection
	GlobalSection(SolutionProperties) = preSolution
		HideSolutionNode = FALSE
	EndGlobalSection
	GlobalSection(ProjectConfigurationPlatforms) = postSolution
		{BF8A02D8-AEB5-4748-A1FC-3B6E721CBC65}.Debug|Any CPU.ActiveCfg = Debug|Any CPU
		{BF8A02D8-AEB5-4748-A1FC-3B6E721CBC65}.Debug|Any CPU.Build.0 = Debug|Any CPU
		{BF8A02D8-AEB5-4748-A1FC-3B6E721CBC65}.Debug|x64.ActiveCfg = Debug|x64
		{BF8A02D8-AEB5-4748-A1FC-3B6E721CBC65}.Debug|x64.Build.0 = Debug|x64
		{BF8A02D8-AEB5-4748-A1FC-3B6E721CBC65}.Debug|x86.ActiveCfg = Debug|x86
		{BF8A02D8-AEB5-4748-A1FC-3B6E721CBC65}.Debug|x86.Build.0 = Debug|x86
		{BF8A02D8-AEB5-4748-A1FC-3B6E721CBC65}.Release|Any CPU.ActiveCfg = Release|Any CPU
		{BF8A02D8-AEB5-4748-A1FC-3B6E721CBC65}.Release|Any CPU.Build.0 = Release|Any CPU
		{BF8A02D8-AEB5-4748-A1FC-3B6E721CBC65}.Release|x64.ActiveCfg = Release|x64
		{BF8A02D8-AEB5-4748-A1FC-3B6E721CBC65}.Release|x64.Build.0 = Release|x64
		{BF8A02D8-AEB5-4748-A1FC-3B6E721CBC65}.Release|x86.ActiveCfg = Release|x86
		{BF8A02D8-AEB5-4748-A1FC-3B6E721CBC65}.Release|x86.Build.0 = Release|x86
		{D71A6E7D-9037-4C06-8DCB-A0871EEA5C3C}.Debug|Any CPU.ActiveCfg = Debug|Any CPU
		{D71A6E7D-9037-4C06-8DCB-A0871EEA5C3C}.Debug|Any CPU.Build.0 = Debug|Any CPU
		{D71A6E7D-9037-4C06-8DCB-A0871EEA5C3C}.Debug|x64.ActiveCfg = Debug|x64
		{D71A6E7D-9037-4C06-8DCB-A0871EEA5C3C}.Debug|x64.Build.0 = Debug|x64
		{D71A6E7D-9037-4C06-8DCB-A0871EEA5C3C}.Debug|x86.ActiveCfg = Debug|x86
		{D71A6E7D-9037-4C06-8DCB-A0871EEA5C3C}.Debug|x86.Build.0 = Debug|x86
		{D71A6E7D-9037-4C06-8DCB-A0871EEA5C3C}.Release|Any CPU.ActiveCfg = Release|Any CPU
		{D71A6E7D-9037-4C06-8DCB-A0871EEA5C3C}.Release|Any CPU.Build.0 = Release|Any CPU
		{D71A6E7D-9037-4C06-8DCB-A0871EEA5C3C}.Release|x64.ActiveCfg = Release|x64
		{D71A6E7D-9037-4C06-8DCB-A0871EEA5C3C}.Release|x64.Build.0 = Release|x64
		{D71A6E7D-9037-4C06-8DCB-A0871EEA5C3C}.Release|x86.ActiveCfg = Release|x86
		{D71A6E7D-9037-4C06-8DCB-A0871EEA5C3C}.Release|x86.Build.0 = Release|x86
	EndGlobalSection
EndGlobal
